<?xml version="1.0" encoding="utf-8"?>
<Project ToolsVersion="4.0" xmlns="http://schemas.microsoft.com/developer/msbuild/2003">
  <ItemGroup>
    <Filter Include="Исходные файлы">
      <UniqueIdentifier>{4FC737F1-C7A5-4376-A066-2A32D752A2FF}</UniqueIdentifier>
      <Extensions>cpp;c;cc;cxx;c++;cppm;ixx;def;odl;idl;hpj;bat;asm;asmx</Extensions>
    </Filter>
    <Filter Include="Файлы заголовков">
      <UniqueIdentifier>{93995380-89BD-4b04-88EB-625FBE52EBFB}</UniqueIdentifier>
      <Extensions>h;hh;hpp;hxx;h++;hm;inl;inc;ipp;xsd</Extensions>
    </Filter>
    <Filter Include="Файлы ресурсов">
      <UniqueIdentifier>{67DA6AB6-F800-4c08-8B7A-83BB121AAD01}</UniqueIdentifier>
      <Extensions>rc;ico;cur;bmp;dlg;rc2;rct;bin;rgs;gif;jpg;jpeg;jpe;resx;tiff;tif;png;wav;mfcribbon-ms</Extensions>
    </Filter>
  </ItemGroup>
  <ItemGroup>
    <ClCompile Include="aurorise.cpp">
      <Filter>Исходные файлы</Filter>
    </ClCompile>
    <ClCompile Include="main.cpp">
      <Filter>Исходные файлы</Filter>
    </ClCompile>
    <ClCompile Include="reg.cpp">
      <Filter>Исходные файлы</Filter>
    </ClCompile>
    <ClCompile Include="PostControl_db.cpp">
      <Filter>Исходные файлы</Filter>
    </ClCompile>
    <ClCompile Include="PostControl_form.cpp">
      <Filter>Исходные файлы</Filter>
    </ClCompile>
    <ClCompile Include="update.cpp">
      <Filter>Исходные файлы</Filter>
    </ClCompile>
    <ClCompile Include="UserPage.cpp">
      <Filter>Исходные файлы</Filter>
    </ClCompile>
    <ClCompile Include="red_user.cpp">
      <Filter>Исходные файлы</Filter>
    </ClCompile>
  </ItemGroup>
  <ItemGroup>
    <ClInclude Include="aurorise.h">
      <Filter>Исходные файлы</Filter>
    </ClInclude>
    <ClInclude Include="reg.h">
      <Filter>Исходные файлы</Filter>
    </ClInclude>
    <ClInclude Include="MainForm1.h">
      <Filter>Исходные файлы</Filter>
    </ClInclude>
    <ClInclude Include="MyUserControl.h">
      <Filter>Исходные файлы</Filter>
    </ClInclude>
    <ClInclude Include="Post.h">
      <Filter>Исходные файлы</Filter>
    </ClInclude>
    <ClInclude Include="PostControl.h">
      <Filter>Исходные файлы</Filter>
    </ClInclude>
    <ClInclude Include="PostRepository.h">
      <Filter>Исходные файлы</Filter>
    </ClInclude>
    <ClInclude Include="UserPage.h">
      <Filter>Исходные файлы</Filter>
    </ClInclude>
    <ClInclude Include="Session.h">
      <Filter>Исходные файлы</Filter>
    </ClInclude>
    <ClInclude Include="red_user.h">
      <Filter>Исходные файлы</Filter>
    </ClInclude>
    <ClInclude Include="User.h">
      <Filter>Исходные файлы</Filter>
    </ClInclude>
  </ItemGroup>
  <ItemGroup>
    <Image Include="иконка.ico">
      <Filter>Файлы ресурсов</Filter>
    </Image>
    <Image Include="рег.png">
      <Filter>Файлы ресурсов</Filter>
    </Image>
    <Image Include="logo.png">
      <Filter>Файлы ресурсов</Filter>
    </Image>
    <Image Include="лупа.png">
      <Filter>Файлы ресурсов</Filter>
    </Image>
    <Image Include="ava.png">
      <Filter>Файлы ресурсов</Filter>
    </Image>
  </ItemGroup>
  <ItemGroup>
    <None Include="app.config">
      <Filter>Исходные файлы</Filter>
    </None>
    <None Include="packages.config" />
  </ItemGroup>
</Project>